<?xml version="1.0" encoding="UTF-8" standalone="yes" ?>
<CodeBlocks_project_file>
	<FileVersion major="1" minor="6" />
	<Project>
		<Option title="CharsOccurrences" />
		<Option pch_mode="2" />
		<Option compiler="gcc" />
		<Build>
			<Target title="Debug">
				<Option output="bin/Debug/CharsOccurrences.wlx" imp_lib="$(TARGET_OUTPUT_DIR)$(TARGET_OUTPUT_BASENAME).lib" def_file="$(TARGET_OUTPUT_DIR)$(TARGET_OUTPUT_BASENAME).def" prefix_auto="1" extension_auto="0" />
				<Option object_output="obj/Debug/" />
				<Option type="3" />
				<Option compiler="gcc" />
				<Option host_application="bin/Debug/ListerPluginsTester.exe" />
				<Option run_host_application_in_terminal="0" />
				<Option createDefFile="1" />
				<Option createStaticLib="1" />
				<Compiler>
					<Add option="-Weffc++" />
					<Add option="-Wall" />
					<Add option="-g" />
					<Add option="-W" />
					<Add option="-fexceptions" />
					<Add option="-m32" />
					<Add option="-D_DEBUG" />
				</Compiler>
				<Linker>
					<Add option="-m32" />
				</Linker>
			</Target>
			<Target title="Release">
				<Option output="bin/Release/CharsOccurrences.wlx" imp_lib="$(TARGET_OUTPUT_DIR)$(TARGET_OUTPUT_BASENAME).lib" def_file="$(TARGET_OUTPUT_DIR)$(TARGET_OUTPUT_BASENAME).def" prefix_auto="1" extension_auto="0" />
				<Option object_output="obj/Release/" />
				<Option type="3" />
				<Option compiler="gcc" />
				<Option host_application="bin/Release/ListerPluginsTester.exe" />
				<Option run_host_application_in_terminal="0" />
				<Option createDefFile="1" />
				<Option createStaticLib="1" />
				<Compiler>
					<Add option="-O2" />
					<Add option="-Weffc++" />
					<Add option="-Wall" />
					<Add option="-W" />
					<Add option="-fexceptions" />
					<Add option="-m32" />
					<Add option="-DNDEBUG" />
				</Compiler>
				<Linker>
					<Add option="-s" />
					<Add option="-m32" />
				</Linker>
			</Target>
			<Target title="Release 64">
				<Option output="bin/Release 64/CharsOccurrences.wlx64" imp_lib="$(TARGET_OUTPUT_DIR)$(TARGET_OUTPUT_BASENAME).lib" def_file="$(TARGET_OUTPUT_DIR)$(TARGET_OUTPUT_BASENAME).def" prefix_auto="1" extension_auto="0" />
				<Option object_output="obj/Release 64/" />
				<Option type="3" />
				<Option compiler="gnu_gcc_compiler_for_64_bit" />
				<Option host_application="bin/Release 64/ListerPluginsTeste64.exe" />
				<Option run_host_application_in_terminal="0" />
				<Option createDefFile="1" />
				<Option createStaticLib="1" />
				<Compiler>
					<Add option="-O2" />
					<Add option="-Weffc++" />
					<Add option="-Wall" />
					<Add option="-W" />
					<Add option="-fexceptions" />
					<Add option="-m64" />
					<Add option="-DNDEBUG" />
				</Compiler>
				<Linker>
					<Add option="-s" />
					<Add option="-m64" />
				</Linker>
			</Target>
		</Build>
		<Compiler>
			<Add option="-Weffc++" />
			<Add option="-pedantic" />
			<Add option="-std=c++11" />
			<Add option="-D_WIN32" />
			<Add option="-DWIN32" />
			<Add option="-D_WINDOWS" />
			<Add option="-D_MBCS" />
			<Add option="-D_USRDLL" />
			<Add option="-DUNICODE" />
			<Add option="-D_UNICODE" />
			<Add option="-D_WIN32_IE=0x0800" />
			<Add option="-D_WIN32_WINNT=0x701" />
			<Add option="-DCHARSOCCURRENCES_EXPORTS" />
		</Compiler>
		<Linker>
			<Add option="-Wl,--kill-at" />
			<Add library="gdi32" />
			<Add library="comdlg32" />
			<Add library="comctl32" />
		</Linker>
		<Unit filename="Classic.cpp" />
		<Unit filename="Classic.h" />
		<Unit filename="Constants.h" />
		<Unit filename="CreateHistogramWindow.cpp" />
		<Unit filename="CreateHistogramWindow.h" />
		<Unit filename="CreateListViewtWindow.cpp" />
		<Unit filename="CreateListViewtWindow.h" />
		<Unit filename="CreateRichEditWindow.cpp" />
		<Unit filename="CreateRichEditWindow.h" />
		<Unit filename="CreateTabbedWindow.cpp" />
		<Unit filename="CreateTabbedWindow.h" />
		<Unit filename="Exports.h" />
		<Unit filename="Helpers.cpp" />
		<Unit filename="Helpers.h" />
		<Unit filename="ListCloseWindow.cpp" />
		<Unit filename="ListCloseWindow.h" />
		<Unit filename="ListGetDetectString.cpp" />
		<Unit filename="ListLoad.cpp" />
		<Unit filename="ListLoad.h" />
		<Unit filename="ListLoadNext.cpp" />
		<Unit filename="ListLoadNext.h" />
		<Unit filename="ListNotificationReceived.cpp" />
		<Unit filename="ListNotificationReceived.h" />
		<Unit filename="Main.cpp" />
		<Unit filename="Main.h" />
		<Unit filename="NaplnStrukturuWndClassEx.cpp" />
		<Unit filename="NaplnStrukturuWndClassEx.h" />
		<Unit filename="Status.cpp" />
		<Unit filename="Status.h" />
		<Unit filename="WndProcs.cpp" />
		<Unit filename="WndProcs.h" />
		<Unit filename="resource.rc">
			<Option compilerVar="WINDRES" />
		</Unit>
		<Unit filename="version.h" />
		<Extensions>
			<DoxyBlocks>
				<comment_style block="0" line="0" />
				<doxyfile_project />
				<doxyfile_build />
				<doxyfile_warnings />
				<doxyfile_output />
				<doxyfile_dot />
				<general use_at_in_tags="1" />
			</DoxyBlocks>
			<code_completion />
			<envvars />
			<debugger />
			<lib_finder disable_auto="1" />
			<AutoVersioning>
				<Scheme minor_max="10" build_max="0" rev_max="0" rev_rand_max="10" build_times_to_increment_minor="300" />
				<Settings autoincrement="1" date_declarations="1" update_manifest="0" do_auto_increment="0" ask_to_increment="1" language="C++" svn="0" svn_directory="" header_path="version.h" />
				<Changes_Log show_changes_editor="1" app_title="released version %M.%m.%b of %p" changeslog_path="ChangesLog.txt" />
				<Code header_guard="VERSION_H" namespace="AutoVersion" prefix="" />
			</AutoVersioning>
		</Extensions>
	</Project>
</CodeBlocks_project_file>
